// !$*UTF8*$!
{
	archiveVersion = 1;
	classes = {
	};
	objectVersion = 46;
	objects = {

/* Begin PBXBuildFile section */
		C13763141DE9D2520075EF01 /* TheMovieDBCore.framework in Frameworks */ = {isa = PBXBuildFile; fileRef = C13296591DE8C0AB00028FF7 /* TheMovieDBCore.framework */; };
		C13763181DE9D2D20075EF01 /* TheMovieDBCore.framework in Embed Frameworks */ = {isa = PBXBuildFile; fileRef = C13296591DE8C0AB00028FF7 /* TheMovieDBCore.framework */; settings = {ATTRIBUTES = (CodeSignOnCopy, RemoveHeadersOnCopy, ); }; };
		C13763241DE9E2660075EF01 /* GlobalManager.swift in Sources */ = {isa = PBXBuildFile; fileRef = C13763231DE9E2660075EF01 /* GlobalManager.swift */; };
		C13784451DE87CEB00B9D17C /* AppDelegate.swift in Sources */ = {isa = PBXBuildFile; fileRef = C13784441DE87CEB00B9D17C /* AppDelegate.swift */; };
		C137844A1DE87CEB00B9D17C /* Main.storyboard in Resources */ = {isa = PBXBuildFile; fileRef = C13784481DE87CEB00B9D17C /* Main.storyboard */; };
		C137844C1DE87CEB00B9D17C /* Assets.xcassets in Resources */ = {isa = PBXBuildFile; fileRef = C137844B1DE87CEB00B9D17C /* Assets.xcassets */; };
		C137844F1DE87CEB00B9D17C /* LaunchScreen.storyboard in Resources */ = {isa = PBXBuildFile; fileRef = C137844D1DE87CEB00B9D17C /* LaunchScreen.storyboard */; };
		C137845A1DE87CEB00B9D17C /* TheMovieDBTests.swift in Sources */ = {isa = PBXBuildFile; fileRef = C13784591DE87CEB00B9D17C /* TheMovieDBTests.swift */; };
		C13784AC1DE890BF00B9D17C /* MovieCollectionViewCell.swift in Sources */ = {isa = PBXBuildFile; fileRef = C13784AA1DE890BF00B9D17C /* MovieCollectionViewCell.swift */; };
		C13784AD1DE890BF00B9D17C /* MovieCollectionViewCell.xib in Resources */ = {isa = PBXBuildFile; fileRef = C13784AB1DE890BF00B9D17C /* MovieCollectionViewCell.xib */; };
		C13784AF1DE89AA900B9D17C /* Appearance.swift in Sources */ = {isa = PBXBuildFile; fileRef = C13784AE1DE89AA900B9D17C /* Appearance.swift */; };
		C13784B21DE89DF200B9D17C /* Localizable.strings in Resources */ = {isa = PBXBuildFile; fileRef = C13784B41DE89DF200B9D17C /* Localizable.strings */; };
		C13784BA1DE8A2D800B9D17C /* InformationTableViewCell.swift in Sources */ = {isa = PBXBuildFile; fileRef = C13784B81DE8A2D800B9D17C /* InformationTableViewCell.swift */; };
		C13784BB1DE8A2D800B9D17C /* InformationTableViewCell.xib in Resources */ = {isa = PBXBuildFile; fileRef = C13784B91DE8A2D800B9D17C /* InformationTableViewCell.xib */; };
		C13784C01DE8B10300B9D17C /* ImageTableViewCell.swift in Sources */ = {isa = PBXBuildFile; fileRef = C13784BE1DE8B10300B9D17C /* ImageTableViewCell.swift */; };
		C13784C11DE8B10300B9D17C /* ImageTableViewCell.xib in Resources */ = {isa = PBXBuildFile; fileRef = C13784BF1DE8B10300B9D17C /* ImageTableViewCell.xib */; };
		C19B19381DE8E98900295D99 /* MovieDetailViewController.swift in Sources */ = {isa = PBXBuildFile; fileRef = C1BFBE391DE8E70C00B3587B /* MovieDetailViewController.swift */; };
		C19B19391DE8E98900295D99 /* MovieDetailViewControllerExtended.swift in Sources */ = {isa = PBXBuildFile; fileRef = C1BFBE3A1DE8E70C00B3587B /* MovieDetailViewControllerExtended.swift */; };
		C19B193A1DE8E98900295D99 /* MovieListViewController.swift in Sources */ = {isa = PBXBuildFile; fileRef = C1BFBE3C1DE8E70C00B3587B /* MovieListViewController.swift */; };
		C19B193B1DE8E98900295D99 /* MovieListViewControllerExtended.swift in Sources */ = {isa = PBXBuildFile; fileRef = C1BFBE3D1DE8E70C00B3587B /* MovieListViewControllerExtended.swift */; };
		C1BFBE351DE8E64800B3587B /* Globals.swift in Sources */ = {isa = PBXBuildFile; fileRef = C1BFBE341DE8E64800B3587B /* Globals.swift */; };
/* End PBXBuildFile section */

/* Begin PBXContainerItemProxy section */
		C13296581DE8C0AB00028FF7 /* PBXContainerItemProxy */ = {
			isa = PBXContainerItemProxy;
			containerPortal = C13784881DE87EDA00B9D17C /* TheMovieDBCore.xcodeproj */;
			proxyType = 2;
			remoteGlobalIDString = C137846E1DE87EB800B9D17C;
			remoteInfo = TheMovieDBCore;
		};
		C132965A1DE8C0AB00028FF7 /* PBXContainerItemProxy */ = {
			isa = PBXContainerItemProxy;
			containerPortal = C13784881DE87EDA00B9D17C /* TheMovieDBCore.xcodeproj */;
			proxyType = 2;
			remoteGlobalIDString = C13784771DE87EB800B9D17C;
			remoteInfo = TheMovieDBCoreTests;
		};
		C13784561DE87CEB00B9D17C /* PBXContainerItemProxy */ = {
			isa = PBXContainerItemProxy;
			containerPortal = C13784391DE87CEB00B9D17C /* Project object */;
			proxyType = 1;
			remoteGlobalIDString = C13784401DE87CEB00B9D17C;
			remoteInfo = TheMovieDB;
		};
/* End PBXContainerItemProxy section */

/* Begin PBXCopyFilesBuildPhase section */
		C137631B1DE9D2D20075EF01 /* Embed Frameworks */ = {
			isa = PBXCopyFilesBuildPhase;
			buildActionMask = 2147483647;
			dstPath = "";
			dstSubfolderSpec = 10;
			files = (
				C13763181DE9D2D20075EF01 /* TheMovieDBCore.framework in Embed Frameworks */,
			);
			name = "Embed Frameworks";
			runOnlyForDeploymentPostprocessing = 0;
		};
/* End PBXCopyFilesBuildPhase section */

/* Begin PBXFileReference section */
		C13763231DE9E2660075EF01 /* GlobalManager.swift */ = {isa = PBXFileReference; fileEncoding = 4; lastKnownFileType = sourcecode.swift; path = GlobalManager.swift; sourceTree = "<group>"; };
		C13784411DE87CEB00B9D17C /* TheMovieDB.app */ = {isa = PBXFileReference; explicitFileType = wrapper.application; includeInIndex = 0; path = TheMovieDB.app; sourceTree = BUILT_PRODUCTS_DIR; };
		C13784441DE87CEB00B9D17C /* AppDelegate.swift */ = {isa = PBXFileReference; lastKnownFileType = sourcecode.swift; path = AppDelegate.swift; sourceTree = "<group>"; };
		C13784491DE87CEB00B9D17C /* Base */ = {isa = PBXFileReference; lastKnownFileType = file.storyboard; name = Base; path = Base.lproj/Main.storyboard; sourceTree = "<group>"; };
		C137844B1DE87CEB00B9D17C /* Assets.xcassets */ = {isa = PBXFileReference; lastKnownFileType = folder.assetcatalog; path = Assets.xcassets; sourceTree = "<group>"; };
		C137844E1DE87CEB00B9D17C /* Base */ = {isa = PBXFileReference; lastKnownFileType = file.storyboard; name = Base; path = Base.lproj/LaunchScreen.storyboard; sourceTree = "<group>"; };
		C13784501DE87CEB00B9D17C /* Info.plist */ = {isa = PBXFileReference; lastKnownFileType = text.plist.xml; path = Info.plist; sourceTree = "<group>"; };
		C13784551DE87CEB00B9D17C /* TheMovieDBTests.xctest */ = {isa = PBXFileReference; explicitFileType = wrapper.cfbundle; includeInIndex = 0; path = TheMovieDBTests.xctest; sourceTree = BUILT_PRODUCTS_DIR; };
		C13784591DE87CEB00B9D17C /* TheMovieDBTests.swift */ = {isa = PBXFileReference; lastKnownFileType = sourcecode.swift; path = TheMovieDBTests.swift; sourceTree = "<group>"; };
		C137845B1DE87CEB00B9D17C /* Info.plist */ = {isa = PBXFileReference; lastKnownFileType = text.plist.xml; path = Info.plist; sourceTree = "<group>"; };
		C13784881DE87EDA00B9D17C /* TheMovieDBCore.xcodeproj */ = {isa = PBXFileReference; lastKnownFileType = "wrapper.pb-project"; name = TheMovieDBCore.xcodeproj; path = TheMovieDBCore/TheMovieDBCore.xcodeproj; sourceTree = "<group>"; };
		C13784AA1DE890BF00B9D17C /* MovieCollectionViewCell.swift */ = {isa = PBXFileReference; fileEncoding = 4; lastKnownFileType = sourcecode.swift; path = MovieCollectionViewCell.swift; sourceTree = "<group>"; };
		C13784AB1DE890BF00B9D17C /* MovieCollectionViewCell.xib */ = {isa = PBXFileReference; fileEncoding = 4; lastKnownFileType = file.xib; path = MovieCollectionViewCell.xib; sourceTree = "<group>"; };
		C13784AE1DE89AA900B9D17C /* Appearance.swift */ = {isa = PBXFileReference; fileEncoding = 4; lastKnownFileType = sourcecode.swift; path = Appearance.swift; sourceTree = "<group>"; };
		C13784B31DE89DF200B9D17C /* Base */ = {isa = PBXFileReference; lastKnownFileType = text.plist.strings; name = Base; path = Base.lproj/Localizable.strings; sourceTree = "<group>"; };
		C13784B51DE89E0000B9D17C /* es */ = {isa = PBXFileReference; lastKnownFileType = text.plist.strings; name = es; path = es.lproj/Localizable.strings; sourceTree = "<group>"; };
		C13784B81DE8A2D800B9D17C /* InformationTableViewCell.swift */ = {isa = PBXFileReference; fileEncoding = 4; lastKnownFileType = sourcecode.swift; path = InformationTableViewCell.swift; sourceTree = "<group>"; };
		C13784B91DE8A2D800B9D17C /* InformationTableViewCell.xib */ = {isa = PBXFileReference; fileEncoding = 4; lastKnownFileType = file.xib; path = InformationTableViewCell.xib; sourceTree = "<group>"; };
		C13784BE1DE8B10300B9D17C /* ImageTableViewCell.swift */ = {isa = PBXFileReference; fileEncoding = 4; lastKnownFileType = sourcecode.swift; path = ImageTableViewCell.swift; sourceTree = "<group>"; };
		C13784BF1DE8B10300B9D17C /* ImageTableViewCell.xib */ = {isa = PBXFileReference; fileEncoding = 4; lastKnownFileType = file.xib; path = ImageTableViewCell.xib; sourceTree = "<group>"; };
		C1BFBE341DE8E64800B3587B /* Globals.swift */ = {isa = PBXFileReference; fileEncoding = 4; lastKnownFileType = sourcecode.swift; path = Globals.swift; sourceTree = "<group>"; };
		C1BFBE391DE8E70C00B3587B /* MovieDetailViewController.swift */ = {isa = PBXFileReference; fileEncoding = 4; lastKnownFileType = sourcecode.swift; path = MovieDetailViewController.swift; sourceTree = "<group>"; };
		C1BFBE3A1DE8E70C00B3587B /* MovieDetailViewControllerExtended.swift */ = {isa = PBXFileReference; fileEncoding = 4; lastKnownFileType = sourcecode.swift; path = MovieDetailViewControllerExtended.swift; sourceTree = "<group>"; };
		C1BFBE3C1DE8E70C00B3587B /* MovieListViewController.swift */ = {isa = PBXFileReference; fileEncoding = 4; lastKnownFileType = sourcecode.swift; path = MovieListViewController.swift; sourceTree = "<group>"; };
		C1BFBE3D1DE8E70C00B3587B /* MovieListViewControllerExtended.swift */ = {isa = PBXFileReference; fileEncoding = 4; lastKnownFileType = sourcecode.swift; path = MovieListViewControllerExtended.swift; sourceTree = "<group>"; };
/* End PBXFileReference section */

/* Begin PBXFrameworksBuildPhase section */
		C137843E1DE87CEB00B9D17C /* Frameworks */ = {
			isa = PBXFrameworksBuildPhase;
			buildActionMask = 2147483647;
			files = (
				C13763141DE9D2520075EF01 /* TheMovieDBCore.framework in Frameworks */,
			);
			runOnlyForDeploymentPostprocessing = 0;
		};
		C13784521DE87CEB00B9D17C /* Frameworks */ = {
			isa = PBXFrameworksBuildPhase;
			buildActionMask = 2147483647;
			files = (
			);
			runOnlyForDeploymentPostprocessing = 0;
		};
/* End PBXFrameworksBuildPhase section */

/* Begin PBXGroup section */
		C13296541DE8C0A900028FF7 /* Products */ = {
			isa = PBXGroup;
			children = (
				C13296591DE8C0AB00028FF7 /* TheMovieDBCore.framework */,
				C132965B1DE8C0AB00028FF7 /* TheMovieDBCoreTests.xctest */,
			);
			name = Products;
			sourceTree = "<group>";
		};
		C13763201DE9E24C0075EF01 /* Managers */ = {
			isa = PBXGroup;
			children = (
				C13763231DE9E2660075EF01 /* GlobalManager.swift */,
			);
			path = Managers;
			sourceTree = "<group>";
		};
		C13784381DE87CEB00B9D17C = {
			isa = PBXGroup;
			children = (
				C13784B41DE89DF200B9D17C /* Localizable.strings */,
				C13784911DE87EE400B9D17C /* TheMovieDBCore */,
				C13784431DE87CEB00B9D17C /* TheMovieDB */,
				C13784581DE87CEB00B9D17C /* TheMovieDBTests */,
				C13784421DE87CEB00B9D17C /* Products */,
			);
			sourceTree = "<group>";
		};
		C13784421DE87CEB00B9D17C /* Products */ = {
			isa = PBXGroup;
			children = (
				C13784411DE87CEB00B9D17C /* TheMovieDB.app */,
				C13784551DE87CEB00B9D17C /* TheMovieDBTests.xctest */,
			);
			name = Products;
			sourceTree = "<group>";
		};
		C13784431DE87CEB00B9D17C /* TheMovieDB */ = {
			isa = PBXGroup;
			children = (
				C1BFBE341DE8E64800B3587B /* Globals.swift */,
				C13784AE1DE89AA900B9D17C /* Appearance.swift */,
				C13784441DE87CEB00B9D17C /* AppDelegate.swift */,
				C13763201DE9E24C0075EF01 /* Managers */,
				C1BFBE3B1DE8E70C00B3587B /* Movie List */,
				C1BFBE381DE8E70C00B3587B /* Movie Details */,
				C137844D1DE87CEB00B9D17C /* LaunchScreen.storyboard */,
				C13784481DE87CEB00B9D17C /* Main.storyboard */,
				C13784A91DE8909000B9D17C /* Views */,
				C137844B1DE87CEB00B9D17C /* Assets.xcassets */,
				C13784501DE87CEB00B9D17C /* Info.plist */,
			);
			path = TheMovieDB;
			sourceTree = "<group>";
		};
		C13784581DE87CEB00B9D17C /* TheMovieDBTests */ = {
			isa = PBXGroup;
			children = (
				C13784591DE87CEB00B9D17C /* TheMovieDBTests.swift */,
				C137845B1DE87CEB00B9D17C /* Info.plist */,
			);
			path = TheMovieDBTests;
			sourceTree = "<group>";
		};
		C13784911DE87EE400B9D17C /* TheMovieDBCore */ = {
			isa = PBXGroup;
			children = (
				C13784881DE87EDA00B9D17C /* TheMovieDBCore.xcodeproj */,
			);
			name = TheMovieDBCore;
			sourceTree = "<group>";
		};
		C13784A91DE8909000B9D17C /* Views */ = {
			isa = PBXGroup;
			children = (
				C13784AA1DE890BF00B9D17C /* MovieCollectionViewCell.swift */,
				C13784AB1DE890BF00B9D17C /* MovieCollectionViewCell.xib */,
				C13784B81DE8A2D800B9D17C /* InformationTableViewCell.swift */,
				C13784B91DE8A2D800B9D17C /* InformationTableViewCell.xib */,
				C13784BE1DE8B10300B9D17C /* ImageTableViewCell.swift */,
				C13784BF1DE8B10300B9D17C /* ImageTableViewCell.xib */,
			);
			path = Views;
			sourceTree = "<group>";
		};
		C1BFBE381DE8E70C00B3587B /* Movie Details */ = {
			isa = PBXGroup;
			children = (
				C1BFBE391DE8E70C00B3587B /* MovieDetailViewController.swift */,
				C1BFBE3A1DE8E70C00B3587B /* MovieDetailViewControllerExtended.swift */,
			);
			path = "Movie Details";
			sourceTree = "<group>";
		};
		C1BFBE3B1DE8E70C00B3587B /* Movie List */ = {
			isa = PBXGroup;
			children = (
				C1BFBE3C1DE8E70C00B3587B /* MovieListViewController.swift */,
				C1BFBE3D1DE8E70C00B3587B /* MovieListViewControllerExtended.swift */,
			);
			path = "Movie List";
			sourceTree = "<group>";
		};
/* End PBXGroup section */

/* Begin PBXNativeTarget section */
		C13784401DE87CEB00B9D17C /* TheMovieDB */ = {
			isa = PBXNativeTarget;
			buildConfigurationList = C137845E1DE87CEB00B9D17C /* Build configuration list for PBXNativeTarget "TheMovieDB" */;
			buildPhases = (
				C137843D1DE87CEB00B9D17C /* Sources */,
				C137843E1DE87CEB00B9D17C /* Frameworks */,
				C137843F1DE87CEB00B9D17C /* Resources */,
				C137631B1DE9D2D20075EF01 /* Embed Frameworks */,
			);
			buildRules = (
			);
			dependencies = (
			);
			name = TheMovieDB;
			productName = TheMovieDB;
			productReference = C13784411DE87CEB00B9D17C /* TheMovieDB.app */;
			productType = "com.apple.product-type.application";
		};
		C13784541DE87CEB00B9D17C /* TheMovieDBTests */ = {
			isa = PBXNativeTarget;
			buildConfigurationList = C13784611DE87CEB00B9D17C /* Build configuration list for PBXNativeTarget "TheMovieDBTests" */;
			buildPhases = (
				C13784511DE87CEB00B9D17C /* Sources */,
				C13784521DE87CEB00B9D17C /* Frameworks */,
				C13784531DE87CEB00B9D17C /* Resources */,
			);
			buildRules = (
			);
			dependencies = (
				C13784571DE87CEB00B9D17C /* PBXTargetDependency */,
			);
			name = TheMovieDBTests;
			productName = TheMovieDBTests;
			productReference = C13784551DE87CEB00B9D17C /* TheMovieDBTests.xctest */;
			productType = "com.apple.product-type.bundle.unit-test";
		};
/* End PBXNativeTarget section */

/* Begin PBXProject section */
		C13784391DE87CEB00B9D17C /* Project object */ = {
			isa = PBXProject;
			attributes = {
				LastSwiftUpdateCheck = 0820;
				LastUpgradeCheck = 0820;
				ORGANIZATIONNAME = coderpug;
				TargetAttributes = {
					C13784401DE87CEB00B9D17C = {
						CreatedOnToolsVersion = 8.2;
						DevelopmentTeam = 7QN6NJ95ZV;
						ProvisioningStyle = Manual;
					};
					C13784541DE87CEB00B9D17C = {
						CreatedOnToolsVersion = 8.2;
						DevelopmentTeam = 7QN6NJ95ZV;
						ProvisioningStyle = Automatic;
						TestTargetID = C13784401DE87CEB00B9D17C;
					};
				};
			};
			buildConfigurationList = C137843C1DE87CEB00B9D17C /* Build configuration list for PBXProject "TheMovieDB" */;
			compatibilityVersion = "Xcode 3.2";
			developmentRegion = English;
			hasScannedForEncodings = 0;
			knownRegions = (
				en,
				Base,
				es,
			);
			mainGroup = C13784381DE87CEB00B9D17C;
			productRefGroup = C13784421DE87CEB00B9D17C /* Products */;
			projectDirPath = "";
			projectReferences = (
				{
					ProductGroup = C13296541DE8C0A900028FF7 /* Products */;
					ProjectRef = C13784881DE87EDA00B9D17C /* TheMovieDBCore.xcodeproj */;
				},
			);
			projectRoot = "";
			targets = (
				C13784401DE87CEB00B9D17C /* TheMovieDB */,
				C13784541DE87CEB00B9D17C /* TheMovieDBTests */,
			);
		};
/* End PBXProject section */

/* Begin PBXReferenceProxy section */
		C13296591DE8C0AB00028FF7 /* TheMovieDBCore.framework */ = {
			isa = PBXReferenceProxy;
			fileType = wrapper.framework;
			path = TheMovieDBCore.framework;
			remoteRef = C13296581DE8C0AB00028FF7 /* PBXContainerItemProxy */;
			sourceTree = BUILT_PRODUCTS_DIR;
		};
		C132965B1DE8C0AB00028FF7 /* TheMovieDBCoreTests.xctest */ = {
			isa = PBXReferenceProxy;
			fileType = wrapper.cfbundle;
			path = TheMovieDBCoreTests.xctest;
			remoteRef = C132965A1DE8C0AB00028FF7 /* PBXContainerItemProxy */;
			sourceTree = BUILT_PRODUCTS_DIR;
		};
/* End PBXReferenceProxy section */

/* Begin PBXResourcesBuildPhase section */
		C137843F1DE87CEB00B9D17C /* Resources */ = {
			isa = PBXResourcesBuildPhase;
			buildActionMask = 2147483647;
			files = (
				C13784C11DE8B10300B9D17C /* ImageTableViewCell.xib in Resources */,
				C13784B21DE89DF200B9D17C /* Localizable.strings in Resources */,
				C137844F1DE87CEB00B9D17C /* LaunchScreen.storyboard in Resources */,
				C13784BB1DE8A2D800B9D17C /* InformationTableViewCell.xib in Resources */,
				C137844C1DE87CEB00B9D17C /* Assets.xcassets in Resources */,
				C137844A1DE87CEB00B9D17C /* Main.storyboard in Resources */,
				C13784AD1DE890BF00B9D17C /* MovieCollectionViewCell.xib in Resources */,
			);
			runOnlyForDeploymentPostprocessing = 0;
		};
		C13784531DE87CEB00B9D17C /* Resources */ = {
			isa = PBXResourcesBuildPhase;
			buildActionMask = 2147483647;
			files = (
			);
			runOnlyForDeploymentPostprocessing = 0;
		};
/* End PBXResourcesBuildPhase section */

/* Begin PBXSourcesBuildPhase section */
		C137843D1DE87CEB00B9D17C /* Sources */ = {
			isa = PBXSourcesBuildPhase;
			buildActionMask = 2147483647;
			files = (
				C19B19381DE8E98900295D99 /* MovieDetailViewController.swift in Sources */,
				C19B19391DE8E98900295D99 /* MovieDetailViewControllerExtended.swift in Sources */,
				C19B193A1DE8E98900295D99 /* MovieListViewController.swift in Sources */,
				C19B193B1DE8E98900295D99 /* MovieListViewControllerExtended.swift in Sources */,
				C13784C01DE8B10300B9D17C /* ImageTableViewCell.swift in Sources */,
				C13784BA1DE8A2D800B9D17C /* InformationTableViewCell.swift in Sources */,
				C13784AC1DE890BF00B9D17C /* MovieCollectionViewCell.swift in Sources */,
				C13784451DE87CEB00B9D17C /* AppDelegate.swift in Sources */,
				C13763241DE9E2660075EF01 /* GlobalManager.swift in Sources */,
				C13784AF1DE89AA900B9D17C /* Appearance.swift in Sources */,
				C1BFBE351DE8E64800B3587B /* Globals.swift in Sources */,
			);
			runOnlyForDeploymentPostprocessing = 0;
		};
		C13784511DE87CEB00B9D17C /* Sources */ = {
			isa = PBXSourcesBuildPhase;
			buildActionMask = 2147483647;
			files = (
				C137845A1DE87CEB00B9D17C /* TheMovieDBTests.swift in Sources */,
			);
			runOnlyForDeploymentPostprocessing = 0;
		};
/* End PBXSourcesBuildPhase section */

/* Begin PBXTargetDependency section */
		C13784571DE87CEB00B9D17C /* PBXTargetDependency */ = {
			isa = PBXTargetDependency;
			target = C13784401DE87CEB00B9D17C /* TheMovieDB */;
			targetProxy = C13784561DE87CEB00B9D17C /* PBXContainerItemProxy */;
		};
/* End PBXTargetDependency section */

/* Begin PBXVariantGroup section */
		C13784481DE87CEB00B9D17C /* Main.storyboard */ = {
			isa = PBXVariantGroup;
			children = (
				C13784491DE87CEB00B9D17C /* Base */,
			);
			name = Main.storyboard;
			sourceTree = "<group>";
		};
		C137844D1DE87CEB00B9D17C /* LaunchScreen.storyboard */ = {
			isa = PBXVariantGroup;
			children = (
				C137844E1DE87CEB00B9D17C /* Base */,
			);
			name = LaunchScreen.storyboard;
			sourceTree = "<group>";
		};
		C13784B41DE89DF200B9D17C /* Localizable.strings */ = {
			isa = PBXVariantGroup;
			children = (
				C13784B31DE89DF200B9D17C /* Base */,
				C13784B51DE89E0000B9D17C /* es */,
			);
			name = Localizable.strings;
			sourceTree = "<group>";
		};
/* End PBXVariantGroup section */

/* Begin XCBuildConfiguration section */
		C137845C1DE87CEB00B9D17C /* Debug */ = {
			isa = XCBuildConfiguration;
			buildSettings = {
				ALWAYS_SEARCH_USER_PATHS = NO;
				CLANG_ANALYZER_LOCALIZABILITY_NONLOCALIZED = YES;
				CLANG_ANALYZER_NONNULL = YES;
				CLANG_CXX_LANGUAGE_STANDARD = "gnu++0x";
				CLANG_CXX_LIBRARY = "libc++";
				CLANG_ENABLE_MODULES = YES;
				CLANG_ENABLE_OBJC_ARC = YES;
				CLANG_WARN_BOOL_CONVERSION = YES;
				CLANG_WARN_CONSTANT_CONVERSION = YES;
				CLANG_WARN_DIRECT_OBJC_ISA_USAGE = YES_ERROR;
				CLANG_WARN_DOCUMENTATION_COMMENTS = YES;
				CLANG_WARN_EMPTY_BODY = YES;
				CLANG_WARN_ENUM_CONVERSION = YES;
				CLANG_WARN_INFINITE_RECURSION = YES;
				CLANG_WARN_INT_CONVERSION = YES;
				CLANG_WARN_OBJC_ROOT_CLASS = YES_ERROR;
				CLANG_WARN_SUSPICIOUS_MOVE = YES;
				CLANG_WARN_UNREACHABLE_CODE = YES;
				CLANG_WARN__DUPLICATE_METHOD_MATCH = YES;
				CODE_SIGN_IDENTITY = "iPhone Developer: Jose Torres Cardenas (Z9YMA2ZN54)";
				"CODE_SIGN_IDENTITY[sdk=iphoneos*]" = "iPhone Developer";
				COPY_PHASE_STRIP = NO;
				DEBUG_INFORMATION_FORMAT = dwarf;
				DEVELOPMENT_TEAM = 7QN6NJ95ZV;
				ENABLE_STRICT_OBJC_MSGSEND = YES;
				ENABLE_TESTABILITY = YES;
				GCC_C_LANGUAGE_STANDARD = gnu99;
				GCC_DYNAMIC_NO_PIC = NO;
				GCC_NO_COMMON_BLOCKS = YES;
				GCC_OPTIMIZATION_LEVEL = 0;
				GCC_PREPROCESSOR_DEFINITIONS = (
					"DEBUG=1",
					"$(inherited)",
				);
				GCC_WARN_64_TO_32_BIT_CONVERSION = YES;
				GCC_WARN_ABOUT_RETURN_TYPE = YES_ERROR;
				GCC_WARN_UNDECLARED_SELECTOR = YES;
				GCC_WARN_UNINITIALIZED_AUTOS = YES_AGGRESSIVE;
				GCC_WARN_UNUSED_FUNCTION = YES;
				GCC_WARN_UNUSED_VARIABLE = YES;
				IPHONEOS_DEPLOYMENT_TARGET = 10.0;
				LD_RUNPATH_SEARCH_PATHS = "";
				MTL_ENABLE_DEBUG_INFO = YES;
				ONLY_ACTIVE_ARCH = YES;
				SDKROOT = iphoneos;
				SWIFT_ACTIVE_COMPILATION_CONDITIONS = DEBUG;
				SWIFT_OPTIMIZATION_LEVEL = "-Onone";
				TARGETED_DEVICE_FAMILY = "1,2";
			};
			name = Debug;
		};
		C137845D1DE87CEB00B9D17C /* Release */ = {
			isa = XCBuildConfiguration;
			buildSettings = {
				ALWAYS_SEARCH_USER_PATHS = NO;
				CLANG_ANALYZER_LOCALIZABILITY_NONLOCALIZED = YES;
				CLANG_ANALYZER_NONNULL = YES;
				CLANG_CXX_LANGUAGE_STANDARD = "gnu++0x";
				CLANG_CXX_LIBRARY = "libc++";
				CLANG_ENABLE_MODULES = YES;
				CLANG_ENABLE_OBJC_ARC = YES;
				CLANG_WARN_BOOL_CONVERSION = YES;
				CLANG_WARN_CONSTANT_CONVERSION = YES;
				CLANG_WARN_DIRECT_OBJC_ISA_USAGE = YES_ERROR;
				CLANG_WARN_DOCUMENTATION_COMMENTS = YES;
				CLANG_WARN_EMPTY_BODY = YES;
				CLANG_WARN_ENUM_CONVERSION = YES;
				CLANG_WARN_INFINITE_RECURSION = YES;
				CLANG_WARN_INT_CONVERSION = YES;
				CLANG_WARN_OBJC_ROOT_CLASS = YES_ERROR;
				CLANG_WARN_SUSPICIOUS_MOVE = YES;
				CLANG_WARN_UNREACHABLE_CODE = YES;
				CLANG_WARN__DUPLICATE_METHOD_MATCH = YES;
				CODE_SIGN_IDENTITY = "iPhone Developer: Jose Torres Cardenas (Z9YMA2ZN54)";
				"CODE_SIGN_IDENTITY[sdk=iphoneos*]" = "iPhone Developer";
				COPY_PHASE_STRIP = NO;
				DEBUG_INFORMATION_FORMAT = "dwarf-with-dsym";
				DEVELOPMENT_TEAM = 7QN6NJ95ZV;
				ENABLE_NS_ASSERTIONS = NO;
				ENABLE_STRICT_OBJC_MSGSEND = YES;
				GCC_C_LANGUAGE_STANDARD = gnu99;
				GCC_NO_COMMON_BLOCKS = YES;
				GCC_WARN_64_TO_32_BIT_CONVERSION = YES;
				GCC_WARN_ABOUT_RETURN_TYPE = YES_ERROR;
				GCC_WARN_UNDECLARED_SELECTOR = YES;
				GCC_WARN_UNINITIALIZED_AUTOS = YES_AGGRESSIVE;
				GCC_WARN_UNUSED_FUNCTION = YES;
				GCC_WARN_UNUSED_VARIABLE = YES;
				IPHONEOS_DEPLOYMENT_TARGET = 10.0;
				LD_RUNPATH_SEARCH_PATHS = "";
				MTL_ENABLE_DEBUG_INFO = NO;
				SDKROOT = iphoneos;
				SWIFT_OPTIMIZATION_LEVEL = "-Owholemodule";
				TARGETED_DEVICE_FAMILY = "1,2";
				VALIDATE_PRODUCT = YES;
			};
			name = Release;
		};
		C137845F1DE87CEB00B9D17C /* Debug */ = {
			isa = XCBuildConfiguration;
			buildSettings = {
				ALWAYS_EMBED_SWIFT_STANDARD_LIBRARIES = YES;
				ASSETCATALOG_COMPILER_APPICON_NAME = AppIcon;
				CODE_SIGN_IDENTITY = "iPhone Developer: Jose Torres Cardenas (Z9YMA2ZN54)";
				"CODE_SIGN_IDENTITY[sdk=iphoneos*]" = "iPhone Developer";
				DEVELOPMENT_TEAM = 7QN6NJ95ZV;
				INFOPLIST_FILE = TheMovieDB/Info.plist;
				LD_RUNPATH_SEARCH_PATHS = "$(inherited) @executable_path/Frameworks";
				PRODUCT_BUNDLE_IDENTIFIER = com.coderpug.TheMovieDB;
				PRODUCT_NAME = "$(TARGET_NAME)";
				PROVISIONING_PROFILE = "a45a1dc8-9917-46af-a8de-d34d09c5cbf5";
				PROVISIONING_PROFILE_SPECIFIER = "Development Wildcard";
				SWIFT_VERSION = 3.0;
			};
			name = Debug;
		};
		C13784601DE87CEB00B9D17C /* Release */ = {
			isa = XCBuildConfiguration;
			buildSettings = {
				ALWAYS_EMBED_SWIFT_STANDARD_LIBRARIES = YES;
				ASSETCATALOG_COMPILER_APPICON_NAME = AppIcon;
				CODE_SIGN_IDENTITY = "iPhone Developer: Jose Torres Cardenas (Z9YMA2ZN54)";
				"CODE_SIGN_IDENTITY[sdk=iphoneos*]" = "iPhone Developer";
				DEVELOPMENT_TEAM = 7QN6NJ95ZV;
				INFOPLIST_FILE = TheMovieDB/Info.plist;
				LD_RUNPATH_SEARCH_PATHS = "$(inherited) @executable_path/Frameworks";
				PRODUCT_BUNDLE_IDENTIFIER = com.coderpug.TheMovieDB;
				PRODUCT_NAME = "$(TARGET_NAME)";
				PROVISIONING_PROFILE = "a45a1dc8-9917-46af-a8de-d34d09c5cbf5";
				PROVISIONING_PROFILE_SPECIFIER = "Development Wildcard";
				SWIFT_VERSION = 3.0;
			};
			name = Release;
		};
		C13784621DE87CEB00B9D17C /* Debug */ = {
			isa = XCBuildConfiguration;
			buildSettings = {
				ALWAYS_EMBED_SWIFT_STANDARD_LIBRARIES = YES;
				BUNDLE_LOADER = "$(TEST_HOST)";
				INFOPLIST_FILE = TheMovieDBTests/Info.plist;
				LD_RUNPATH_SEARCH_PATHS = "$(inherited) @executable_path/Frameworks @loader_path/Frameworks";
				PRODUCT_BUNDLE_IDENTIFIER = com.coderpug.TheMovieDBTests;
				PRODUCT_NAME = "$(TARGET_NAME)";
				SWIFT_VERSION = 3.0;
				TEST_HOST = "$(BUILT_PRODUCTS_DIR)/TheMovieDB.app/TheMovieDB";
			};
			name = Debug;
		};
		C13784631DE87CEB00B9D17C /* Release */ = {
			isa = XCBuildConfiguration;
			buildSettings = {
				ALWAYS_EMBED_SWIFT_STANDARD_LIBRARIES = YES;
				BUNDLE_LOADER = "$(TEST_HOST)";
				INFOPLIST_FILE = TheMovieDBTests/Info.plist;
				LD_RUNPATH_SEARCH_PATHS = "$(inherited) @executable_path/Frameworks @loader_path/Frameworks";
				PRODUCT_BUNDLE_IDENTIFIER = com.coderpug.TheMovieDBTests;
				PRODUCT_NAME = "$(TARGET_NAME)";
				SWIFT_VERSION = 3.0;
				TEST_HOST = "$(BUILT_PRODUCTS_DIR)/TheMovieDB.app/TheMovieDB";
			};
			name = Release;
		};
/* End XCBuildConfiguration section */

/* Begin XCConfigurationList section */
		C137843C1DE87CEB00B9D17C /* Build configuration list for PBXProject "TheMovieDB" */ = {
			isa = XCConfigurationList;
			buildConfigurations = (
				C137845C1DE87CEB00B9D17C /* Debug */,
				C137845D1DE87CEB00B9D17C /* Release */,
			);
			defaultConfigurationIsVisible = 0;
			defaultConfigurationName = Release;
		};
		C137845E1DE87CEB00B9D17C /* Build configuration list for PBXNativeTarget "TheMovieDB" */ = {
			isa = XCConfigurationList;
			buildConfigurations = (
				C137845F1DE87CEB00B9D17C /* Debug */,
				C13784601DE87CEB00B9D17C /* Release */,
			);
			defaultConfigurationIsVisible = 0;
			defaultConfigurationName = Release;
		};
		C13784611DE87CEB00B9D17C /* Build configuration list for PBXNativeTarget "TheMovieDBTests" */ = {
			isa = XCConfigurationList;
			buildConfigurations = (
				C13784621DE87CEB00B9D17C /* Debug */,
				C13784631DE87CEB00B9D17C /* Release */,
			);
			defaultConfigurationIsVisible = 0;
			defaultConfigurationName = Release;
		};
/* End XCConfigurationList section */
	};
	rootObject = C13784391DE87CEB00B9D17C /* Project object */;
}
